
Microsoft Visual Studio Solution File, Format Version 12.00
# Visual Studio 2012
Project("{FAE04EC0-301F-11D3-BF4B-00C04F79EFBC}") = "TestConsole", "..\VSProjects\TestConsole\TestConsole.csproj", "{807BE5F4-84D5-4035-8905-9D196A957AF0}"
EndProject
Project("{FAE04EC0-301F-11D3-BF4B-00C04F79EFBC}") = "UserExtensions", "..\VSProjects\UserExtensions\UserExtensions.csproj", "{BD71AA75-9783-4BD8-A20F-E8E886B44583}"
EndProject
Project("{FAE04EC0-301F-11D3-BF4B-00C04F79EFBC}") = "Mono.Cecil", "..\ExternalSources\cecil-master\Mono.Cecil.csproj", "{1C1EC450-EF84-42D7-806D-7853AFB0195F}"
EndProject
Project("{FAE04EC0-301F-11D3-BF4B-00C04F79EFBC}") = "MEFAnalyzers", "..\VSProjects\MEFAnalyzers\MEFAnalyzers.csproj", "{D9591DC4-83D6-477F-A23A-495F65F5B934}"
EndProject
Project("{FAE04EC0-301F-11D3-BF4B-00C04F79EFBC}") = "Analyzing", "..\VSProjects\Analyzing\Analyzing.csproj", "{4E0257A9-5C44-434D-85D0-B2D4906D00FE}"
EndProject
Project("{FAE04EC0-301F-11D3-BF4B-00C04F79EFBC}") = "AssemblyProviders", "..\VSProjects\AssemblyProviders\AssemblyProviders.csproj", "{7BE9C607-8E00-44D7-958C-60519BA569B7}"
EndProject
Project("{FAE04EC0-301F-11D3-BF4B-00C04F79EFBC}") = "Drawing", "..\VSProjects\Drawing\Drawing.csproj", "{DC23FE88-544C-4751-AC71-CD87BF758095}"
EndProject
Project("{FAE04EC0-301F-11D3-BF4B-00C04F79EFBC}") = "Interoperability", "..\VSProjects\Interoperability\Interoperability.csproj", "{DB50ECE5-7415-4B4C-8297-A04543996630}"
EndProject
Project("{FAE04EC0-301F-11D3-BF4B-00C04F79EFBC}") = "TypeSystem", "..\VSProjects\TypeSystem\TypeSystem.csproj", "{6571F9B2-7D38-423D-BB65-79916C9CD1B1}"
EndProject
Project("{FAE04EC0-301F-11D3-BF4B-00C04F79EFBC}") = "UnitTesting", "..\VSProjects\UnitTesting\UnitTesting.csproj", "{A95A1DF1-8C3D-4ED0-8E6B-758994261909}"
EndProject
Project("{FAE04EC0-301F-11D3-BF4B-00C04F79EFBC}") = "MEFEditor", "..\VSProjects\MEFEditor\MEFEditor.csproj", "{79F2BDFB-802B-44E6-B8C6-56E5CF64ECF6}"
EndProject
Project("{FAE04EC0-301F-11D3-BF4B-00C04F79EFBC}") = "Plugin", "..\VSProjects\Plugin\Plugin.csproj", "{5EB8EAF6-82A9-4803-B60E-07A68290A83E}"
EndProject
Project("{FAE04EC0-301F-11D3-BF4B-00C04F79EFBC}") = "Utilities", "..\VSProjects\Utilities\Utilities.csproj", "{7C9E6DFF-B855-47BB-BE22-B4C0C45B73EB}"
EndProject
Project("{FAE04EC0-301F-11D3-BF4B-00C04F79EFBC}") = "RecommendedExtensions.AssemblyProviders", "..\VSProjects\RecommendedExtensions.AssemblyProviders\RecommendedExtensions.AssemblyProviders.csproj", "{7C687E56-104D-49A5-B781-B23B5173E2D1}"
EndProject
Project("{FAE04EC0-301F-11D3-BF4B-00C04F79EFBC}") = "RecommendedExtensions.DrawingDefinitions", "..\VSProjects\RecommendedExtensions.DrawingDefinitions\RecommendedExtensions.DrawingDefinitions.csproj", "{6CDD91E7-0F52-4ED6-A77C-9D0CD7181058}"
EndProject
Project("{FAE04EC0-301F-11D3-BF4B-00C04F79EFBC}") = "RecommendedExtensions.TypeDefinitions", "..\VSProjects\RecommendedExtensions.TypeDefinitions\RecommendedExtensions.TypeDefinitions.csproj", "{706D14CC-DF7E-4F6F-997A-E028F1C0C5E6}"
EndProject
Global
	GlobalSection(SolutionConfigurationPlatforms) = preSolution
		Debug|Any CPU = Debug|Any CPU
		Debug|x86 = Debug|x86
		Release|Any CPU = Release|Any CPU
		Release|x86 = Release|x86
	EndGlobalSection
	GlobalSection(ProjectConfigurationPlatforms) = postSolution
		{807BE5F4-84D5-4035-8905-9D196A957AF0}.Debug|Any CPU.ActiveCfg = Debug|Any CPU
		{807BE5F4-84D5-4035-8905-9D196A957AF0}.Debug|Any CPU.Build.0 = Debug|Any CPU
		{807BE5F4-84D5-4035-8905-9D196A957AF0}.Debug|x86.ActiveCfg = Debug|x86
		{807BE5F4-84D5-4035-8905-9D196A957AF0}.Debug|x86.Build.0 = Debug|x86
		{807BE5F4-84D5-4035-8905-9D196A957AF0}.Release|Any CPU.ActiveCfg = Release|Any CPU
		{807BE5F4-84D5-4035-8905-9D196A957AF0}.Release|Any CPU.Build.0 = Release|Any CPU
		{807BE5F4-84D5-4035-8905-9D196A957AF0}.Release|x86.ActiveCfg = Release|x86
		{807BE5F4-84D5-4035-8905-9D196A957AF0}.Release|x86.Build.0 = Release|x86
		{BD71AA75-9783-4BD8-A20F-E8E886B44583}.Debug|Any CPU.ActiveCfg = Debug|Any CPU
		{BD71AA75-9783-4BD8-A20F-E8E886B44583}.Debug|Any CPU.Build.0 = Debug|Any CPU
		{BD71AA75-9783-4BD8-A20F-E8E886B44583}.Debug|x86.ActiveCfg = Debug|x86
		{BD71AA75-9783-4BD8-A20F-E8E886B44583}.Debug|x86.Build.0 = Debug|x86
		{BD71AA75-9783-4BD8-A20F-E8E886B44583}.Release|Any CPU.ActiveCfg = Release|Any CPU
		{BD71AA75-9783-4BD8-A20F-E8E886B44583}.Release|Any CPU.Build.0 = Release|Any CPU
		{BD71AA75-9783-4BD8-A20F-E8E886B44583}.Release|x86.ActiveCfg = Release|x86
		{BD71AA75-9783-4BD8-A20F-E8E886B44583}.Release|x86.Build.0 = Release|x86
		{1C1EC450-EF84-42D7-806D-7853AFB0195F}.Debug|Any CPU.ActiveCfg = Debug|Any CPU
		{1C1EC450-EF84-42D7-806D-7853AFB0195F}.Debug|Any CPU.Build.0 = Debug|Any CPU
		{1C1EC450-EF84-42D7-806D-7853AFB0195F}.Debug|x86.ActiveCfg = Debug|x86
		{1C1EC450-EF84-42D7-806D-7853AFB0195F}.Debug|x86.Build.0 = Debug|x86
		{1C1EC450-EF84-42D7-806D-7853AFB0195F}.Release|Any CPU.ActiveCfg = Release|Any CPU
		{1C1EC450-EF84-42D7-806D-7853AFB0195F}.Release|Any CPU.Build.0 = Release|Any CPU
		{1C1EC450-EF84-42D7-806D-7853AFB0195F}.Release|x86.ActiveCfg = Release|x86
		{1C1EC450-EF84-42D7-806D-7853AFB0195F}.Release|x86.Build.0 = Release|x86
		{D9591DC4-83D6-477F-A23A-495F65F5B934}.Debug|Any CPU.ActiveCfg = Debug|Any CPU
		{D9591DC4-83D6-477F-A23A-495F65F5B934}.Debug|Any CPU.Build.0 = Debug|Any CPU
		{D9591DC4-83D6-477F-A23A-495F65F5B934}.Debug|x86.ActiveCfg = Debug|x86
		{D9591DC4-83D6-477F-A23A-495F65F5B934}.Debug|x86.Build.0 = Debug|x86
		{D9591DC4-83D6-477F-A23A-495F65F5B934}.Release|Any CPU.ActiveCfg = Release|Any CPU
		{D9591DC4-83D6-477F-A23A-495F65F5B934}.Release|Any CPU.Build.0 = Release|Any CPU
		{D9591DC4-83D6-477F-A23A-495F65F5B934}.Release|x86.ActiveCfg = Release|x86
		{D9591DC4-83D6-477F-A23A-495F65F5B934}.Release|x86.Build.0 = Release|x86
		{4E0257A9-5C44-434D-85D0-B2D4906D00FE}.Debug|Any CPU.ActiveCfg = Debug|Any CPU
		{4E0257A9-5C44-434D-85D0-B2D4906D00FE}.Debug|Any CPU.Build.0 = Debug|Any CPU
		{4E0257A9-5C44-434D-85D0-B2D4906D00FE}.Debug|x86.ActiveCfg = Debug|x86
		{4E0257A9-5C44-434D-85D0-B2D4906D00FE}.Debug|x86.Build.0 = Debug|x86
		{4E0257A9-5C44-434D-85D0-B2D4906D00FE}.Release|Any CPU.ActiveCfg = Release|Any CPU
		{4E0257A9-5C44-434D-85D0-B2D4906D00FE}.Release|Any CPU.Build.0 = Release|Any CPU
		{4E0257A9-5C44-434D-85D0-B2D4906D00FE}.Release|x86.ActiveCfg = Release|x86
		{4E0257A9-5C44-434D-85D0-B2D4906D00FE}.Release|x86.Build.0 = Release|x86
		{7BE9C607-8E00-44D7-958C-60519BA569B7}.Debug|Any CPU.ActiveCfg = Debug|Any CPU
		{7BE9C607-8E00-44D7-958C-60519BA569B7}.Debug|Any CPU.Build.0 = Debug|Any CPU
		{7BE9C607-8E00-44D7-958C-60519BA569B7}.Debug|x86.ActiveCfg = Debug|x86
		{7BE9C607-8E00-44D7-958C-60519BA569B7}.Debug|x86.Build.0 = Debug|x86
		{7BE9C607-8E00-44D7-958C-60519BA569B7}.Release|Any CPU.ActiveCfg = Release|Any CPU
		{7BE9C607-8E00-44D7-958C-60519BA569B7}.Release|Any CPU.Build.0 = Release|Any CPU
		{7BE9C607-8E00-44D7-958C-60519BA569B7}.Release|x86.ActiveCfg = Release|x86
		{7BE9C607-8E00-44D7-958C-60519BA569B7}.Release|x86.Build.0 = Release|x86
		{DC23FE88-544C-4751-AC71-CD87BF758095}.Debug|Any CPU.ActiveCfg = Debug|Any CPU
		{DC23FE88-544C-4751-AC71-CD87BF758095}.Debug|Any CPU.Build.0 = Debug|Any CPU
		{DC23FE88-544C-4751-AC71-CD87BF758095}.Debug|x86.ActiveCfg = Debug|x86
		{DC23FE88-544C-4751-AC71-CD87BF758095}.Debug|x86.Build.0 = Debug|x86
		{DC23FE88-544C-4751-AC71-CD87BF758095}.Release|Any CPU.ActiveCfg = Release|Any CPU
		{DC23FE88-544C-4751-AC71-CD87BF758095}.Release|Any CPU.Build.0 = Release|Any CPU
		{DC23FE88-544C-4751-AC71-CD87BF758095}.Release|x86.ActiveCfg = Release|x86
		{DC23FE88-544C-4751-AC71-CD87BF758095}.Release|x86.Build.0 = Release|x86
		{DB50ECE5-7415-4B4C-8297-A04543996630}.Debug|Any CPU.ActiveCfg = Debug|Any CPU
		{DB50ECE5-7415-4B4C-8297-A04543996630}.Debug|Any CPU.Build.0 = Debug|Any CPU
		{DB50ECE5-7415-4B4C-8297-A04543996630}.Debug|x86.ActiveCfg = Debug|x86
		{DB50ECE5-7415-4B4C-8297-A04543996630}.Debug|x86.Build.0 = Debug|x86
		{DB50ECE5-7415-4B4C-8297-A04543996630}.Release|Any CPU.ActiveCfg = Release|Any CPU
		{DB50ECE5-7415-4B4C-8297-A04543996630}.Release|Any CPU.Build.0 = Release|Any CPU
		{DB50ECE5-7415-4B4C-8297-A04543996630}.Release|x86.ActiveCfg = Release|x86
		{DB50ECE5-7415-4B4C-8297-A04543996630}.Release|x86.Build.0 = Release|x86
		{6571F9B2-7D38-423D-BB65-79916C9CD1B1}.Debug|Any CPU.ActiveCfg = Debug|Any CPU
		{6571F9B2-7D38-423D-BB65-79916C9CD1B1}.Debug|Any CPU.Build.0 = Debug|Any CPU
		{6571F9B2-7D38-423D-BB65-79916C9CD1B1}.Debug|x86.ActiveCfg = Debug|x86
		{6571F9B2-7D38-423D-BB65-79916C9CD1B1}.Debug|x86.Build.0 = Debug|x86
		{6571F9B2-7D38-423D-BB65-79916C9CD1B1}.Release|Any CPU.ActiveCfg = Release|Any CPU
		{6571F9B2-7D38-423D-BB65-79916C9CD1B1}.Release|Any CPU.Build.0 = Release|Any CPU
		{6571F9B2-7D38-423D-BB65-79916C9CD1B1}.Release|x86.ActiveCfg = Release|x86
		{6571F9B2-7D38-423D-BB65-79916C9CD1B1}.Release|x86.Build.0 = Release|x86
		{A95A1DF1-8C3D-4ED0-8E6B-758994261909}.Debug|Any CPU.ActiveCfg = Debug|Any CPU
		{A95A1DF1-8C3D-4ED0-8E6B-758994261909}.Debug|Any CPU.Build.0 = Debug|Any CPU
		{A95A1DF1-8C3D-4ED0-8E6B-758994261909}.Debug|x86.ActiveCfg = Debug|x86
		{A95A1DF1-8C3D-4ED0-8E6B-758994261909}.Debug|x86.Build.0 = Debug|x86
		{A95A1DF1-8C3D-4ED0-8E6B-758994261909}.Release|Any CPU.ActiveCfg = Release|Any CPU
		{A95A1DF1-8C3D-4ED0-8E6B-758994261909}.Release|Any CPU.Build.0 = Release|Any CPU
		{A95A1DF1-8C3D-4ED0-8E6B-758994261909}.Release|x86.ActiveCfg = Release|x86
		{A95A1DF1-8C3D-4ED0-8E6B-758994261909}.Release|x86.Build.0 = Release|x86
		{79F2BDFB-802B-44E6-B8C6-56E5CF64ECF6}.Debug|Any CPU.ActiveCfg = Debug|Any CPU
		{79F2BDFB-802B-44E6-B8C6-56E5CF64ECF6}.Debug|Any CPU.Build.0 = Debug|Any CPU
		{79F2BDFB-802B-44E6-B8C6-56E5CF64ECF6}.Debug|x86.ActiveCfg = Debug|x86
		{79F2BDFB-802B-44E6-B8C6-56E5CF64ECF6}.Debug|x86.Build.0 = Debug|x86
		{79F2BDFB-802B-44E6-B8C6-56E5CF64ECF6}.Release|Any CPU.ActiveCfg = Release|Any CPU
		{79F2BDFB-802B-44E6-B8C6-56E5CF64ECF6}.Release|Any CPU.Build.0 = Release|Any CPU
		{79F2BDFB-802B-44E6-B8C6-56E5CF64ECF6}.Release|x86.ActiveCfg = Release|x86
		{79F2BDFB-802B-44E6-B8C6-56E5CF64ECF6}.Release|x86.Build.0 = Release|x86
		{5EB8EAF6-82A9-4803-B60E-07A68290A83E}.Debug|Any CPU.ActiveCfg = Debug|Any CPU
		{5EB8EAF6-82A9-4803-B60E-07A68290A83E}.Debug|Any CPU.Build.0 = Debug|Any CPU
		{5EB8EAF6-82A9-4803-B60E-07A68290A83E}.Debug|x86.ActiveCfg = Debug|x86
		{5EB8EAF6-82A9-4803-B60E-07A68290A83E}.Debug|x86.Build.0 = Debug|x86
		{5EB8EAF6-82A9-4803-B60E-07A68290A83E}.Release|Any CPU.ActiveCfg = Release|Any CPU
		{5EB8EAF6-82A9-4803-B60E-07A68290A83E}.Release|Any CPU.Build.0 = Release|Any CPU
		{5EB8EAF6-82A9-4803-B60E-07A68290A83E}.Release|x86.ActiveCfg = Release|x86
		{5EB8EAF6-82A9-4803-B60E-07A68290A83E}.Release|x86.Build.0 = Release|x86
		{7C9E6DFF-B855-47BB-BE22-B4C0C45B73EB}.Debug|Any CPU.ActiveCfg = Debug|Any CPU
		{7C9E6DFF-B855-47BB-BE22-B4C0C45B73EB}.Debug|Any CPU.Build.0 = Debug|Any CPU
		{7C9E6DFF-B855-47BB-BE22-B4C0C45B73EB}.Debug|x86.ActiveCfg = Debug|x86
		{7C9E6DFF-B855-47BB-BE22-B4C0C45B73EB}.Debug|x86.Build.0 = Debug|x86
		{7C9E6DFF-B855-47BB-BE22-B4C0C45B73EB}.Release|Any CPU.ActiveCfg = Release|Any CPU
		{7C9E6DFF-B855-47BB-BE22-B4C0C45B73EB}.Release|Any CPU.Build.0 = Release|Any CPU
		{7C9E6DFF-B855-47BB-BE22-B4C0C45B73EB}.Release|x86.ActiveCfg = Release|x86
		{7C9E6DFF-B855-47BB-BE22-B4C0C45B73EB}.Release|x86.Build.0 = Release|x86
		{7C687E56-104D-49A5-B781-B23B5173E2D1}.Debug|Any CPU.ActiveCfg = Debug|Any CPU
		{7C687E56-104D-49A5-B781-B23B5173E2D1}.Debug|Any CPU.Build.0 = Debug|Any CPU
		{7C687E56-104D-49A5-B781-B23B5173E2D1}.Debug|x86.ActiveCfg = Debug|x86
		{7C687E56-104D-49A5-B781-B23B5173E2D1}.Debug|x86.Build.0 = Debug|x86
		{7C687E56-104D-49A5-B781-B23B5173E2D1}.Release|Any CPU.ActiveCfg = Release|Any CPU
		{7C687E56-104D-49A5-B781-B23B5173E2D1}.Release|Any CPU.Build.0 = Release|Any CPU
		{7C687E56-104D-49A5-B781-B23B5173E2D1}.Release|x86.ActiveCfg = Release|x86
		{7C687E56-104D-49A5-B781-B23B5173E2D1}.Release|x86.Build.0 = Release|x86
		{6CDD91E7-0F52-4ED6-A77C-9D0CD7181058}.Debug|Any CPU.ActiveCfg = Debug|Any CPU
		{6CDD91E7-0F52-4ED6-A77C-9D0CD7181058}.Debug|Any CPU.Build.0 = Debug|Any CPU
		{6CDD91E7-0F52-4ED6-A77C-9D0CD7181058}.Debug|x86.ActiveCfg = Debug|x86
		{6CDD91E7-0F52-4ED6-A77C-9D0CD7181058}.Debug|x86.Build.0 = Debug|x86
		{6CDD91E7-0F52-4ED6-A77C-9D0CD7181058}.Release|Any CPU.ActiveCfg = Release|Any CPU
		{6CDD91E7-0F52-4ED6-A77C-9D0CD7181058}.Release|Any CPU.Build.0 = Release|Any CPU
		{6CDD91E7-0F52-4ED6-A77C-9D0CD7181058}.Release|x86.ActiveCfg = Release|x86
		{6CDD91E7-0F52-4ED6-A77C-9D0CD7181058}.Release|x86.Build.0 = Release|x86
		{706D14CC-DF7E-4F6F-997A-E028F1C0C5E6}.Debug|Any CPU.ActiveCfg = Debug|Any CPU
		{706D14CC-DF7E-4F6F-997A-E028F1C0C5E6}.Debug|Any CPU.Build.0 = Debug|Any CPU
		{706D14CC-DF7E-4F6F-997A-E028F1C0C5E6}.Debug|x86.ActiveCfg = Debug|x86
		{706D14CC-DF7E-4F6F-997A-E028F1C0C5E6}.Debug|x86.Build.0 = Debug|x86
		{706D14CC-DF7E-4F6F-997A-E028F1C0C5E6}.Release|Any CPU.ActiveCfg = Release|Any CPU
		{706D14CC-DF7E-4F6F-997A-E028F1C0C5E6}.Release|Any CPU.Build.0 = Release|Any CPU
		{706D14CC-DF7E-4F6F-997A-E028F1C0C5E6}.Release|x86.ActiveCfg = Release|x86
		{706D14CC-DF7E-4F6F-997A-E028F1C0C5E6}.Release|x86.Build.0 = Release|x86
	EndGlobalSection
	GlobalSection(SolutionProperties) = preSolution
		HideSolutionNode = FALSE
	EndGlobalSection
EndGlobal
